// !$*UTF8*$!
{
	archiveVersion = 1;
	classes = {
	};
	objectVersion = 46;
	objects = {

/* Begin PBXBuildFile section */
		E4DEE45E1E81CB09006C8BDA /* AppDelegate.swift in Sources */ = {isa = PBXBuildFile; fileRef = E4DEE45D1E81CB09006C8BDA /* AppDelegate.swift */; };
		E4DEE4601E81CB09006C8BDA /* ViewController.swift in Sources */ = {isa = PBXBuildFile; fileRef = E4DEE45F1E81CB09006C8BDA /* ViewController.swift */; };
		E4DEE4631E81CB09006C8BDA /* Main.storyboard in Resources */ = {isa = PBXBuildFile; fileRef = E4DEE4611E81CB09006C8BDA /* Main.storyboard */; };
		E4DEE4661E81CB09006C8BDA /* To_Do_List.xcdatamodeld in Sources */ = {isa = PBXBuildFile; fileRef = E4DEE4641E81CB09006C8BDA /* To_Do_List.xcdatamodeld */; };
		E4DEE4681E81CB09006C8BDA /* Assets.xcassets in Resources */ = {isa = PBXBuildFile; fileRef = E4DEE4671E81CB09006C8BDA /* Assets.xcassets */; };
		E4DEE46B1E81CB09006C8BDA /* LaunchScreen.storyboard in Resources */ = {isa = PBXBuildFile; fileRef = E4DEE4691E81CB09006C8BDA /* LaunchScreen.storyboard */; };
/* End PBXBuildFile section */

/* Begin PBXFileReference section */
		E4DEE45A1E81CB09006C8BDA /* To Do List.app */ = {isa = PBXFileReference; explicitFileType = wrapper.application; includeInIndex = 0; path = "To Do List.app"; sourceTree = BUILT_PRODUCTS_DIR; };
		E4DEE45D1E81CB09006C8BDA /* AppDelegate.swift */ = {isa = PBXFileReference; lastKnownFileType = sourcecode.swift; path = AppDelegate.swift; sourceTree = "<group>"; };
		E4DEE45F1E81CB09006C8BDA /* ViewController.swift */ = {isa = PBXFileReference; lastKnownFileType = sourcecode.swift; path = ViewController.swift; sourceTree = "<group>"; };
		E4DEE4621E81CB09006C8BDA /* Base */ = {isa = PBXFileReference; lastKnownFileType = file.storyboard; name = Base; path = Base.lproj/Main.storyboard; sourceTree = "<group>"; };
		E4DEE4651E81CB09006C8BDA /* To_Do_List.xcdatamodel */ = {isa = PBXFileReference; lastKnownFileType = wrapper.xcdatamodel; path = To_Do_List.xcdatamodel; sourceTree = "<group>"; };
		E4DEE4671E81CB09006C8BDA /* Assets.xcassets */ = {isa = PBXFileReference; lastKnownFileType = folder.assetcatalog; path = Assets.xcassets; sourceTree = "<group>"; };
		E4DEE46A1E81CB09006C8BDA /* Base */ = {isa = PBXFileReference; lastKnownFileType = file.storyboard; name = Base; path = Base.lproj/LaunchScreen.storyboard; sourceTree = "<group>"; };
		E4DEE46C1E81CB09006C8BDA /* Info.plist */ = {isa = PBXFileReference; lastKnownFileType = text.plist.xml; path = Info.plist; sourceTree = "<group>"; };
/* End PBXFileReference section */

/* Begin PBXFrameworksBuildPhase section */
		E4DEE4571E81CB08006C8BDA /* Frameworks */ = {
			isa = PBXFrameworksBuildPhase;
			buildActionMask = 2147483647;
			files = (
			);
			runOnlyForDeploymentPostprocessing = 0;
		};
/* End PBXFrameworksBuildPhase section */

/* Begin PBXGroup section */
		E4DEE4511E81CB08006C8BDA = {
			isa = PBXGroup;
			children = (
				E4DEE45C1E81CB09006C8BDA /* To Do List */,
				E4DEE45B1E81CB09006C8BDA /* Products */,
			);
			sourceTree = "<group>";
		};
		E4DEE45B1E81CB09006C8BDA /* Products */ = {
			isa = PBXGroup;
			children = (
				E4DEE45A1E81CB09006C8BDA /* To Do List.app */,
			);
			name = Products;
			sourceTree = "<group>";
		};
		E4DEE45C1E81CB09006C8BDA /* To Do List */ = {
			isa = PBXGroup;
			children = (
				E4DEE45D1E81CB09006C8BDA /* AppDelegate.swift */,
				E4DEE45F1E81CB09006C8BDA /* ViewController.swift */,
				E4DEE4611E81CB09006C8BDA /* Main.storyboard */,
				E4DEE4671E81CB09006C8BDA /* Assets.xcassets */,
				E4DEE4691E81CB09006C8BDA /* LaunchScreen.storyboard */,
				E4DEE46C1E81CB09006C8BDA /* Info.plist */,
				E4DEE4641E81CB09006C8BDA /* To_Do_List.xcdatamodeld */,
			);
			path = "To Do List";
			sourceTree = "<group>";
		};
/* End PBXGroup section */

/* Begin PBXNativeTarget section */
		E4DEE4591E81CB08006C8BDA /* To Do List */ = {
			isa = PBXNativeTarget;
			buildConfigurationList = E4DEE46F1E81CB09006C8BDA /* Build configuration list for PBXNativeTarget "To Do List" */;
			buildPhases = (
				E4DEE4561E81CB08006C8BDA /* Sources */,
				E4DEE4571E81CB08006C8BDA /* Frameworks */,
				E4DEE4581E81CB08006C8BDA /* Resources */,
			);
			buildRules = (
			);
			dependencies = (
			);
			name = "To Do List";
			productName = "To Do List";
			productReference = E4DEE45A1E81CB09006C8BDA /* To Do List.app */;
			productType = "com.apple.product-type.application";
		};
/* End PBXNativeTarget section */

/* Begin PBXProject section */
		E4DEE4521E81CB08006C8BDA /* Project object */ = {
			isa = PBXProject;
			attributes = {
				LastSwiftUpdateCheck = 0820;
				LastUpgradeCheck = 0820;
				ORGANIZATIONNAME = Worldengine;
				TargetAttributes = {
					E4DEE4591E81CB08006C8BDA = {
						CreatedOnToolsVersion = 8.2.1;
						DevelopmentTeam = 2S5K2NTHW4;
						ProvisioningStyle = Automatic;
					};
				};
			};
			buildConfigurationList = E4DEE4551E81CB08006C8BDA /* Build configuration list for PBXProject "To Do List" */;
			compatibilityVersion = "Xcode 3.2";
			developmentRegion = English;
			hasScannedForEncodings = 0;
			knownRegions = (
				en,
				Base,
			);
			mainGroup = E4DEE4511E81CB08006C8BDA;
			productRefGroup = E4DEE45B1E81CB09006C8BDA /* Products */;
			projectDirPath = "";
			projectRoot = "";
			targets = (
				E4DEE4591E81CB08006C8BDA /* To Do List */,
			);
		};
/* End PBXProject section */

/* Begin PBXResourcesBuildPhase section */
		E4DEE4581E81CB08006C8BDA /* Resources */ = {
			isa = PBXResourcesBuildPhase;
			buildActionMask = 2147483647;
			files = (
				E4DEE46B1E81CB09006C8BDA /* LaunchScreen.storyboard in Resources */,
				E4DEE4681E81CB09006C8BDA /* Assets.xcassets in Resources */,
				E4DEE4631E81CB09006C8BDA /* Main.storyboard in Resources */,
			);
			runOnlyForDeploymentPostprocessing = 0;
		};
/* End PBXResourcesBuildPhase section */

/* Begin PBXSourcesBuildPhase section */
		E4DEE4561E81CB08006C8BDA /* Sources */ = {
			isa = PBXSourcesBuildPhase;
			buildActionMask = 2147483647;
			files = (
				E4DEE4601E81CB09006C8BDA /* ViewController.swift in Sources */,
				E4DEE4661E81CB09006C8BDA /* To_Do_List.xcdatamodeld in Sources */,
				E4DEE45E1E81CB09006C8BDA /* AppDelegate.swift in Sources */,
			);
			runOnlyForDeploymentPostprocessing = 0;
		};
/* End PBXSourcesBuildPhase section */

/* Begin PBXVariantGroup section */
		E4DEE4611E81CB09006C8BDA /* Main.storyboard */ = {
			isa = PBXVariantGroup;
			children = (
				E4DEE4621E81CB09006C8BDA /* Base */,
			);
			name = Main.storyboard;
			sourceTree = "<group>";
		};
		E4DEE4691E81CB09006C8BDA /* LaunchScreen.storyboard */ = {
			isa = PBXVariantGroup;
			children = (
				E4DEE46A1E81CB09006C8BDA /* Base */,
			);
			name = LaunchScreen.storyboard;
			sourceTree = "<group>";
		};
/* End PBXVariantGroup section */

/* Begin XCBuildConfiguration section */
		E4DEE46D1E81CB09006C8BDA /* Debug */ = {
			isa = XCBuildConfiguration;
			buildSettings = {
				ALWAYS_SEARCH_USER_PATHS = NO;
				CLANG_ANALYZER_NONNULL = YES;
				CLANG_CXX_LANGUAGE_STANDARD = "gnu++0x";
				CLANG_CXX_LIBRARY = "libc++";
				CLANG_ENABLE_MODULES = YES;
				CLANG_ENABLE_OBJC_ARC = YES;
				CLANG_WARN_BOOL_CONVERSION = YES;
				CLANG_WARN_CONSTANT_CONVERSION = YES;
				CLANG_WARN_DIRECT_OBJC_ISA_USAGE = YES_ERROR;
				CLANG_WARN_DOCUMENTATION_COMMENTS = YES;
				CLANG_WARN_EMPTY_BODY = YES;
				CLANG_WARN_ENUM_CONVERSION = YES;
				CLANG_WARN_INFINITE_RECURSION = YES;
				CLANG_WARN_INT_CONVERSION = YES;
				CLANG_WARN_OBJC_ROOT_CLASS = YES_ERROR;
				CLANG_WARN_SUSPICIOUS_MOVE = YES;
				CLANG_WARN_UNREACHABLE_CODE = YES;
				CLANG_WARN__DUPLICATE_METHOD_MATCH = YES;
				"CODE_SIGN_IDENTITY[sdk=iphoneos*]" = "iPhone Developer";
				COPY_PHASE_STRIP = NO;
				DEBUG_INFORMATION_FORMAT = dwarf;
				ENABLE_STRICT_OBJC_MSGSEND = YES;
				ENABLE_TESTABILITY = YES;
				GCC_C_LANGUAGE_STANDARD = gnu99;
				GCC_DYNAMIC_NO_PIC = NO;
				GCC_NO_COMMON_BLOCKS = YES;
				GCC_OPTIMIZATION_LEVEL = 0;
				GCC_PREPROCESSOR_DEFINITIONS = (
					"DEBUG=1",
					"$(inherited)",
				);
				GCC_WARN_64_TO_32_BIT_CONVERSION = YES;
				GCC_WARN_ABOUT_RETURN_TYPE = YES_ERROR;
				GCC_WARN_UNDECLARED_SELECTOR = YES;
				GCC_WARN_UNINITIALIZED_AUTOS = YES_AGGRESSIVE;
				GCC_WARN_UNUSED_FUNCTION = YES;
				GCC_WARN_UNUSED_VARIABLE = YES;
				IPHONEOS_DEPLOYMENT_TARGET = 10.2;
				MTL_ENABLE_DEBUG_INFO = YES;
				ONLY_ACTIVE_ARCH = YES;
				SDKROOT = iphoneos;
				SWIFT_ACTIVE_COMPILATION_CONDITIONS = DEBUG;
				SWIFT_OPTIMIZATION_LEVEL = "-Onone";
				TARGETED_DEVICE_FAMILY = "1,2";
			};
			name = Debug;
		};
		E4DEE46E1E81CB09006C8BDA /* Release */ = {
			isa = XCBuildConfiguration;
			buildSettings = {
				ALWAYS_SEARCH_USER_PATHS = NO;
				CLANG_ANALYZER_NONNULL = YES;
				CLANG_CXX_LANGUAGE_STANDARD = "gnu++0x";
				CLANG_CXX_LIBRARY = "libc++";
				CLANG_ENABLE_MODULES = YES;
				CLANG_ENABLE_OBJC_ARC = YES;
				CLANG_WARN_BOOL_CONVERSION = YES;
				CLANG_WARN_CONSTANT_CONVERSION = YES;
				CLANG_WARN_DIRECT_OBJC_ISA_USAGE = YES_ERROR;
				CLANG_WARN_DOCUMENTATION_COMMENTS = YES;
				CLANG_WARN_EMPTY_BODY = YES;
				CLANG_WARN_ENUM_CONVERSION = YES;
				CLANG_WARN_INFINITE_RECURSION = YES;
				CLANG_WARN_INT_CONVERSION = YES;
				CLANG_WARN_OBJC_ROOT_CLASS = YES_ERROR;
				CLANG_WARN_SUSPICIOUS_MOVE = YES;
				CLANG_WARN_UNREACHABLE_CODE = YES;
				CLANG_WARN__DUPLICATE_METHOD_MATCH = YES;
				"CODE_SIGN_IDENTITY[sdk=iphoneos*]" = "iPhone Developer";
				COPY_PHASE_STRIP = NO;
				DEBUG_INFORMATION_FORMAT = "dwarf-with-dsym";
				ENABLE_NS_ASSERTIONS = NO;
				ENABLE_STRICT_OBJC_MSGSEND = YES;
				GCC_C_LANGUAGE_STANDARD = gnu99;
				GCC_NO_COMMON_BLOCKS = YES;
				GCC_WARN_64_TO_32_BIT_CONVERSION = YES;
				GCC_WARN_ABOUT_RETURN_TYPE = YES_ERROR;
				GCC_WARN_UNDECLARED_SELECTOR = YES;
				GCC_WARN_UNINITIALIZED_AUTOS = YES_AGGRESSIVE;
				GCC_WARN_UNUSED_FUNCTION = YES;
				GCC_WARN_UNUSED_VARIABLE = YES;
				IPHONEOS_DEPLOYMENT_TARGET = 10.2;
				MTL_ENABLE_DEBUG_INFO = NO;
				SDKROOT = iphoneos;
				SWIFT_OPTIMIZATION_LEVEL = "-Owholemodule";
				TARGETED_DEVICE_FAMILY = "1,2";
				VALIDATE_PRODUCT = YES;
			};
			name = Release;
		};
		E4DEE4701E81CB09006C8BDA /* Debug */ = {
			isa = XCBuildConfiguration;
			buildSettings = {
				ASSETCATALOG_COMPILER_APPICON_NAME = AppIcon;
				DEVELOPMENT_TEAM = 2S5K2NTHW4;
				INFOPLIST_FILE = "To Do List/Info.plist";
				LD_RUNPATH_SEARCH_PATHS = "$(inherited) @executable_path/Frameworks";
				PRODUCT_BUNDLE_IDENTIFIER = "com.worldengine.To-Do-List";
				PRODUCT_NAME = "$(TARGET_NAME)";
				SWIFT_VERSION = 3.0;
			};
			name = Debug;
		};
		E4DEE4711E81CB09006C8BDA /* Release */ = {
			isa = XCBuildConfiguration;
			buildSettings = {
				ASSETCATALOG_COMPILER_APPICON_NAME = AppIcon;
				DEVELOPMENT_TEAM = 2S5K2NTHW4;
				INFOPLIST_FILE = "To Do List/Info.plist";
				LD_RUNPATH_SEARCH_PATHS = "$(inherited) @executable_path/Frameworks";
				PRODUCT_BUNDLE_IDENTIFIER = "com.worldengine.To-Do-List";
				PRODUCT_NAME = "$(TARGET_NAME)";
				SWIFT_VERSION = 3.0;
			};
			name = Release;
		};
/* End XCBuildConfiguration section */

/* Begin XCConfigurationList section */
		E4DEE4551E81CB08006C8BDA /* Build configuration list for PBXProject "To Do List" */ = {
			isa = XCConfigurationList;
			buildConfigurations = (
				E4DEE46D1E81CB09006C8BDA /* Debug */,
				E4DEE46E1E81CB09006C8BDA /* Release */,
			);
			defaultConfigurationIsVisible = 0;
			defaultConfigurationName = Release;
		};
		E4DEE46F1E81CB09006C8BDA /* Build configuration list for PBXNativeTarget "To Do List" */ = {
			isa = XCConfigurationList;
			buildConfigurations = (
				E4DEE4701E81CB09006C8BDA /* Debug */,
				E4DEE4711E81CB09006C8BDA /* Release */,
			);
			defaultConfigurationIsVisible = 0;
		};
/* End XCConfigurationList section */

/* Begin XCVersionGroup section */
		E4DEE4641E81CB09006C8BDA /* To_Do_List.xcdatamodeld */ = {
			isa = XCVersionGroup;
			children = (
				E4DEE4651E81CB09006C8BDA /* To_Do_List.xcdatamodel */,
			);
			currentVersion = E4DEE4651E81CB09006C8BDA /* To_Do_List.xcdatamodel */;
			path = To_Do_List.xcdatamodeld;
			sourceTree = "<group>";
			versionGroupType = wrapper.xcdatamodel;
		};
/* End XCVersionGroup section */
	};
	rootObject = E4DEE4521E81CB08006C8BDA /* Project object */;
}
